
Microsoft Visual Studio Solution File, Format Version 12.00
# Visual Studio Version 17
VisualStudioVersion = 17.4.33403.182
MinimumVisualStudioVersion = 10.0.40219.1
Project("{FAE04EC0-301F-11D3-BF4B-00C04F79EFBC}") = "AdoNetConsoleApplicationSample", "AdoNetConsoleApplicationSample\AdoNetConsoleApplicationSample.csproj", "{FFBDC3C9-2900-4FB4-A6BD-D5E3153C1616}"
EndProject
Global
	GlobalSection(SolutionConfigurationPlatforms) = preSolution
		Debug|Any CPU = Debug|Any CPU
		Release|Any CPU = Release|Any CPU
	EndGlobalSection
	GlobalSection(ProjectConfigurationPlatforms) = postSolution
		{FFBDC3C9-2900-4FB4-A6BD-D5E3153C1616}.Debug|Any CPU.ActiveCfg = Debug|Any CPU
		{FFBDC3C9-2900-4FB4-A6BD-D5E3153C1616}.Debug|Any CPU.Build.0 = Debug|Any CPU
		{FFBDC3C9-2900-4FB4-A6BD-D5E3153C1616}.Release|Any CPU.ActiveCfg = Release|Any CPU
		{FFBDC3C9-2900-4FB4-A6BD-D5E3153C1616}.Release|Any CPU.Build.0 = Release|Any CPU
	EndGlobalSection
	GlobalSection(SolutionProperties) = preSolution
		HideSolutionNode = FALSE
	EndGlobalSection
	GlobalSection(ExtensibilityGlobals) = postSolution
		SolutionGuid = {6CA619C9-D3AC-4115-9ECA-4334EC120759}
	EndGlobalSection
EndGlobal
